
Microsoft Visual Studio Solution File, Format Version 12.00
# Visual Studio 15
VisualStudioVersion = 15.0.28307.329
MinimumVisualStudioVersion = 10.0.40219.1
Project("{FAE04EC0-301F-11D3-BF4B-00C04F79EFBC}") = "Ejercicio1-TrabajoPractico", "Ejercicio1-TrabajoPractico\Ejercicio1-TrabajoPractico.csproj", "{96959938-B145-49A2-85E5-97C6250C15CE}"
EndProject
Global
	GlobalSection(SolutionConfigurationPlatforms) = preSolution
		Debug|Any CPU = Debug|Any CPU
		Release|Any CPU = Release|Any CPU
	EndGlobalSection
	GlobalSection(ProjectConfigurationPlatforms) = postSolution
		{96959938-B145-49A2-85E5-97C6250C15CE}.Debug|Any CPU.ActiveCfg = Debug|Any CPU
		{96959938-B145-49A2-85E5-97C6250C15CE}.Debug|Any CPU.Build.0 = Debug|Any CPU
		{96959938-B145-49A2-85E5-97C6250C15CE}.Release|Any CPU.ActiveCfg = Release|Any CPU
		{96959938-B145-49A2-85E5-97C6250C15CE}.Release|Any CPU.Build.0 = Release|Any CPU
	EndGlobalSection
	GlobalSection(SolutionProperties) = preSolution
		HideSolutionNode = FALSE
	EndGlobalSection
	GlobalSection(ExtensibilityGlobals) = postSolution
		SolutionGuid = {7EF42350-0F74-4D8C-9CFF-41BB55B6DB88}
	EndGlobalSection
EndGlobal
