
Microsoft Visual Studio Solution File, Format Version 12.00
# Visual Studio 15
VisualStudioVersion = 15.0.28307.168
MinimumVisualStudioVersion = 10.0.40219.1
Project("{FAE04EC0-301F-11D3-BF4B-00C04F79EFBC}") = "TP-Ejercicio5", "TP-Ejercicio5\TP-Ejercicio5.csproj", "{81AE7582-24A7-4519-8ECB-108C2E9C4323}"
EndProject
Global
	GlobalSection(SolutionConfigurationPlatforms) = preSolution
		Debug|Any CPU = Debug|Any CPU
		Release|Any CPU = Release|Any CPU
	EndGlobalSection
	GlobalSection(ProjectConfigurationPlatforms) = postSolution
		{81AE7582-24A7-4519-8ECB-108C2E9C4323}.Debug|Any CPU.ActiveCfg = Debug|Any CPU
		{81AE7582-24A7-4519-8ECB-108C2E9C4323}.Debug|Any CPU.Build.0 = Debug|Any CPU
		{81AE7582-24A7-4519-8ECB-108C2E9C4323}.Release|Any CPU.ActiveCfg = Release|Any CPU
		{81AE7582-24A7-4519-8ECB-108C2E9C4323}.Release|Any CPU.Build.0 = Release|Any CPU
	EndGlobalSection
	GlobalSection(SolutionProperties) = preSolution
		HideSolutionNode = FALSE
	EndGlobalSection
	GlobalSection(ExtensibilityGlobals) = postSolution
		SolutionGuid = {7F65A718-20D5-4E33-91DC-2504A17FF816}
	EndGlobalSection
EndGlobal
