
Microsoft Visual Studio Solution File, Format Version 12.00
# Visual Studio 15
VisualStudioVersion = 15.0.28307.329
MinimumVisualStudioVersion = 10.0.40219.1
Project("{FAE04EC0-301F-11D3-BF4B-00C04F79EFBC}") = "E2-Linq", "E2-Linq\E2-Linq.csproj", "{1A467E76-3477-49E9-AC24-79F24C8128A4}"
EndProject
Global
	GlobalSection(SolutionConfigurationPlatforms) = preSolution
		Debug|Any CPU = Debug|Any CPU
		Release|Any CPU = Release|Any CPU
	EndGlobalSection
	GlobalSection(ProjectConfigurationPlatforms) = postSolution
		{1A467E76-3477-49E9-AC24-79F24C8128A4}.Debug|Any CPU.ActiveCfg = Debug|Any CPU
		{1A467E76-3477-49E9-AC24-79F24C8128A4}.Debug|Any CPU.Build.0 = Debug|Any CPU
		{1A467E76-3477-49E9-AC24-79F24C8128A4}.Release|Any CPU.ActiveCfg = Release|Any CPU
		{1A467E76-3477-49E9-AC24-79F24C8128A4}.Release|Any CPU.Build.0 = Release|Any CPU
	EndGlobalSection
	GlobalSection(SolutionProperties) = preSolution
		HideSolutionNode = FALSE
	EndGlobalSection
	GlobalSection(ExtensibilityGlobals) = postSolution
		SolutionGuid = {DC86D954-3834-48FF-8F31-ED1C8C6524FC}
	EndGlobalSection
EndGlobal
