
Microsoft Visual Studio Solution File, Format Version 12.00
# Visual Studio 15
VisualStudioVersion = 15.0.28307.329
MinimumVisualStudioVersion = 10.0.40219.1
Project("{FAE04EC0-301F-11D3-BF4B-00C04F79EFBC}") = "SocketsNum", "SocketsNum\SocketsNum.csproj", "{1453EA90-CE24-4714-8A2A-FBBF8C44571E}"
EndProject
Global
	GlobalSection(SolutionConfigurationPlatforms) = preSolution
		Debug|Any CPU = Debug|Any CPU
		Release|Any CPU = Release|Any CPU
	EndGlobalSection
	GlobalSection(ProjectConfigurationPlatforms) = postSolution
		{1453EA90-CE24-4714-8A2A-FBBF8C44571E}.Debug|Any CPU.ActiveCfg = Debug|Any CPU
		{1453EA90-CE24-4714-8A2A-FBBF8C44571E}.Debug|Any CPU.Build.0 = Debug|Any CPU
		{1453EA90-CE24-4714-8A2A-FBBF8C44571E}.Release|Any CPU.ActiveCfg = Release|Any CPU
		{1453EA90-CE24-4714-8A2A-FBBF8C44571E}.Release|Any CPU.Build.0 = Release|Any CPU
	EndGlobalSection
	GlobalSection(SolutionProperties) = preSolution
		HideSolutionNode = FALSE
	EndGlobalSection
	GlobalSection(ExtensibilityGlobals) = postSolution
		SolutionGuid = {34952F24-C949-43F6-8BC5-92BF6AAE67DB}
	EndGlobalSection
EndGlobal
